
Microsoft Visual Studio Solution File, Format Version 12.00
# Visual Studio Version 16
VisualStudioVersion = 16.0.30523.141
MinimumVisualStudioVersion = 10.0.40219.1
Project("{FAE04EC0-301F-11D3-BF4B-00C04F79EFBC}") = "Lab10", "Lab10\Lab10.csproj", "{6EBC217C-F536-40E6-9AE8-BCE16026BC0A}"
EndProject
Global
	GlobalSection(SolutionConfigurationPlatforms) = preSolution
		Debug|Any CPU = Debug|Any CPU
		Release|Any CPU = Release|Any CPU
	EndGlobalSection
	GlobalSection(ProjectConfigurationPlatforms) = postSolution
		{6EBC217C-F536-40E6-9AE8-BCE16026BC0A}.Debug|Any CPU.ActiveCfg = Debug|Any CPU
		{6EBC217C-F536-40E6-9AE8-BCE16026BC0A}.Debug|Any CPU.Build.0 = Debug|Any CPU
		{6EBC217C-F536-40E6-9AE8-BCE16026BC0A}.Release|Any CPU.ActiveCfg = Release|Any CPU
		{6EBC217C-F536-40E6-9AE8-BCE16026BC0A}.Release|Any CPU.Build.0 = Release|Any CPU
	EndGlobalSection
	GlobalSection(SolutionProperties) = preSolution
		HideSolutionNode = FALSE
	EndGlobalSection
	GlobalSection(ExtensibilityGlobals) = postSolution
		SolutionGuid = {DA66A487-6D5D-4C06-9CF5-0797689E1514}
	EndGlobalSection
EndGlobal
